// !$*UTF8*$!
{
	archiveVersion = 1;
	classes = {
	};
	objectVersion = 56;
	objects = {

/* Begin PBXBuildFile section */
		E3FC05382B419DDE0082CF96 /* EcoShop_Backend_ISPApp.swift in Sources */ = {isa = PBXBuildFile; fileRef = E3FC05372B419DDE0082CF96 /* EcoShop_Backend_ISPApp.swift */; };
		E3FC053A2B419DDE0082CF96 /* ContentView.swift in Sources */ = {isa = PBXBuildFile; fileRef = E3FC05392B419DDE0082CF96 /* ContentView.swift */; };
		E3FC053C2B419DE10082CF96 /* Assets.xcassets in Resources */ = {isa = PBXBuildFile; fileRef = E3FC053B2B419DE10082CF96 /* Assets.xcassets */; };
		E3FC053F2B419DE10082CF96 /* Preview Assets.xcassets in Resources */ = {isa = PBXBuildFile; fileRef = E3FC053E2B419DE10082CF96 /* Preview Assets.xcassets */; };
		E3FC05492B419DE10082CF96 /* EcoShop_Backend_ISPTests.swift in Sources */ = {isa = PBXBuildFile; fileRef = E3FC05482B419DE10082CF96 /* EcoShop_Backend_ISPTests.swift */; };
		E3FC05532B419DE10082CF96 /* EcoShop_Backend_ISPUITests.swift in Sources */ = {isa = PBXBuildFile; fileRef = E3FC05522B419DE10082CF96 /* EcoShop_Backend_ISPUITests.swift */; };
		E3FC05552B419DE10082CF96 /* EcoShop_Backend_ISPUITestsLaunchTests.swift in Sources */ = {isa = PBXBuildFile; fileRef = E3FC05542B419DE10082CF96 /* EcoShop_Backend_ISPUITestsLaunchTests.swift */; };
/* End PBXBuildFile section */

/* Begin PBXContainerItemProxy section */
		E3FC05452B419DE10082CF96 /* PBXContainerItemProxy */ = {
			isa = PBXContainerItemProxy;
			containerPortal = E3FC052C2B419DDE0082CF96 /* Project object */;
			proxyType = 1;
			remoteGlobalIDString = E3FC05332B419DDE0082CF96;
			remoteInfo = "EcoShop Backend ISP";
		};
		E3FC054F2B419DE10082CF96 /* PBXContainerItemProxy */ = {
			isa = PBXContainerItemProxy;
			containerPortal = E3FC052C2B419DDE0082CF96 /* Project object */;
			proxyType = 1;
			remoteGlobalIDString = E3FC05332B419DDE0082CF96;
			remoteInfo = "EcoShop Backend ISP";
		};
/* End PBXContainerItemProxy section */

/* Begin PBXFileReference section */
		E3FC05342B419DDE0082CF96 /* EcoShop Backend ISP.app */ = {isa = PBXFileReference; explicitFileType = wrapper.application; includeInIndex = 0; path = "EcoShop Backend ISP.app"; sourceTree = BUILT_PRODUCTS_DIR; };
		E3FC05372B419DDE0082CF96 /* EcoShop_Backend_ISPApp.swift */ = {isa = PBXFileReference; lastKnownFileType = sourcecode.swift; path = EcoShop_Backend_ISPApp.swift; sourceTree = "<group>"; };
		E3FC05392B419DDE0082CF96 /* ContentView.swift */ = {isa = PBXFileReference; lastKnownFileType = sourcecode.swift; path = ContentView.swift; sourceTree = "<group>"; };
		E3FC053B2B419DE10082CF96 /* Assets.xcassets */ = {isa = PBXFileReference; lastKnownFileType = folder.assetcatalog; path = Assets.xcassets; sourceTree = "<group>"; };
		E3FC053E2B419DE10082CF96 /* Preview Assets.xcassets */ = {isa = PBXFileReference; lastKnownFileType = folder.assetcatalog; path = "Preview Assets.xcassets"; sourceTree = "<group>"; };
		E3FC05442B419DE10082CF96 /* EcoShop Backend ISPTests.xctest */ = {isa = PBXFileReference; explicitFileType = wrapper.cfbundle; includeInIndex = 0; path = "EcoShop Backend ISPTests.xctest"; sourceTree = BUILT_PRODUCTS_DIR; };
		E3FC05482B419DE10082CF96 /* EcoShop_Backend_ISPTests.swift */ = {isa = PBXFileReference; lastKnownFileType = sourcecode.swift; path = EcoShop_Backend_ISPTests.swift; sourceTree = "<group>"; };
		E3FC054E2B419DE10082CF96 /* EcoShop Backend ISPUITests.xctest */ = {isa = PBXFileReference; explicitFileType = wrapper.cfbundle; includeInIndex = 0; path = "EcoShop Backend ISPUITests.xctest"; sourceTree = BUILT_PRODUCTS_DIR; };
		E3FC05522B419DE10082CF96 /* EcoShop_Backend_ISPUITests.swift */ = {isa = PBXFileReference; lastKnownFileType = sourcecode.swift; path = EcoShop_Backend_ISPUITests.swift; sourceTree = "<group>"; };
		E3FC05542B419DE10082CF96 /* EcoShop_Backend_ISPUITestsLaunchTests.swift */ = {isa = PBXFileReference; lastKnownFileType = sourcecode.swift; path = EcoShop_Backend_ISPUITestsLaunchTests.swift; sourceTree = "<group>"; };
/* End PBXFileReference section */

/* Begin PBXFrameworksBuildPhase section */
		E3FC05312B419DDE0082CF96 /* Frameworks */ = {
			isa = PBXFrameworksBuildPhase;
			buildActionMask = 2147483647;
			files = (
			);
			runOnlyForDeploymentPostprocessing = 0;
		};
		E3FC05412B419DE10082CF96 /* Frameworks */ = {
			isa = PBXFrameworksBuildPhase;
			buildActionMask = 2147483647;
			files = (
			);
			runOnlyForDeploymentPostprocessing = 0;
		};
		E3FC054B2B419DE10082CF96 /* Frameworks */ = {
			isa = PBXFrameworksBuildPhase;
			buildActionMask = 2147483647;
			files = (
			);
			runOnlyForDeploymentPostprocessing = 0;
		};
/* End PBXFrameworksBuildPhase section */

/* Begin PBXGroup section */
		E3FC052B2B419DDE0082CF96 = {
			isa = PBXGroup;
			children = (
				E3FC05362B419DDE0082CF96 /* EcoShop Backend ISP */,
				E3FC05472B419DE10082CF96 /* EcoShop Backend ISPTests */,
				E3FC05512B419DE10082CF96 /* EcoShop Backend ISPUITests */,
				E3FC05352B419DDE0082CF96 /* Products */,
			);
			sourceTree = "<group>";
		};
		E3FC05352B419DDE0082CF96 /* Products */ = {
			isa = PBXGroup;
			children = (
				E3FC05342B419DDE0082CF96 /* EcoShop Backend ISP.app */,
				E3FC05442B419DE10082CF96 /* EcoShop Backend ISPTests.xctest */,
				E3FC054E2B419DE10082CF96 /* EcoShop Backend ISPUITests.xctest */,
			);
			name = Products;
			sourceTree = "<group>";
		};
		E3FC05362B419DDE0082CF96 /* EcoShop Backend ISP */ = {
			isa = PBXGroup;
			children = (
				E3FC05372B419DDE0082CF96 /* EcoShop_Backend_ISPApp.swift */,
				E3FC05392B419DDE0082CF96 /* ContentView.swift */,
				E3FC05642B419F310082CF96 /* Utilities */,
				E3FC05632B419F240082CF96 /* Services */,
				E3FC05622B419EDE0082CF96 /* Interfaces */,
				E3FC05612B419ED20082CF96 /* Models */,
				E3FC053B2B419DE10082CF96 /* Assets.xcassets */,
				E3FC053D2B419DE10082CF96 /* Preview Content */,
			);
			path = "EcoShop Backend ISP";
			sourceTree = "<group>";
		};
		E3FC053D2B419DE10082CF96 /* Preview Content */ = {
			isa = PBXGroup;
			children = (
				E3FC053E2B419DE10082CF96 /* Preview Assets.xcassets */,
			);
			path = "Preview Content";
			sourceTree = "<group>";
		};
		E3FC05472B419DE10082CF96 /* EcoShop Backend ISPTests */ = {
			isa = PBXGroup;
			children = (
				E3FC05482B419DE10082CF96 /* EcoShop_Backend_ISPTests.swift */,
			);
			path = "EcoShop Backend ISPTests";
			sourceTree = "<group>";
		};
		E3FC05512B419DE10082CF96 /* EcoShop Backend ISPUITests */ = {
			isa = PBXGroup;
			children = (
				E3FC05522B419DE10082CF96 /* EcoShop_Backend_ISPUITests.swift */,
				E3FC05542B419DE10082CF96 /* EcoShop_Backend_ISPUITestsLaunchTests.swift */,
			);
			path = "EcoShop Backend ISPUITests";
			sourceTree = "<group>";
		};
		E3FC05612B419ED20082CF96 /* Models */ = {
			isa = PBXGroup;
			children = (
			);
			path = Models;
			sourceTree = "<group>";
		};
		E3FC05622B419EDE0082CF96 /* Interfaces */ = {
			isa = PBXGroup;
			children = (
			);
			path = Interfaces;
			sourceTree = "<group>";
		};
		E3FC05632B419F240082CF96 /* Services */ = {
			isa = PBXGroup;
			children = (
			);
			path = Services;
			sourceTree = "<group>";
		};
		E3FC05642B419F310082CF96 /* Utilities */ = {
			isa = PBXGroup;
			children = (
			);
			path = Utilities;
			sourceTree = "<group>";
		};
/* End PBXGroup section */

/* Begin PBXNativeTarget section */
		E3FC05332B419DDE0082CF96 /* EcoShop Backend ISP */ = {
			isa = PBXNativeTarget;
			buildConfigurationList = E3FC05582B419DE10082CF96 /* Build configuration list for PBXNativeTarget "EcoShop Backend ISP" */;
			buildPhases = (
				E3FC05302B419DDE0082CF96 /* Sources */,
				E3FC05312B419DDE0082CF96 /* Frameworks */,
				E3FC05322B419DDE0082CF96 /* Resources */,
			);
			buildRules = (
			);
			dependencies = (
			);
			name = "EcoShop Backend ISP";
			productName = "EcoShop Backend ISP";
			productReference = E3FC05342B419DDE0082CF96 /* EcoShop Backend ISP.app */;
			productType = "com.apple.product-type.application";
		};
		E3FC05432B419DE10082CF96 /* EcoShop Backend ISPTests */ = {
			isa = PBXNativeTarget;
			buildConfigurationList = E3FC055B2B419DE10082CF96 /* Build configuration list for PBXNativeTarget "EcoShop Backend ISPTests" */;
			buildPhases = (
				E3FC05402B419DE10082CF96 /* Sources */,
				E3FC05412B419DE10082CF96 /* Frameworks */,
				E3FC05422B419DE10082CF96 /* Resources */,
			);
			buildRules = (
			);
			dependencies = (
				E3FC05462B419DE10082CF96 /* PBXTargetDependency */,
			);
			name = "EcoShop Backend ISPTests";
			productName = "EcoShop Backend ISPTests";
			productReference = E3FC05442B419DE10082CF96 /* EcoShop Backend ISPTests.xctest */;
			productType = "com.apple.product-type.bundle.unit-test";
		};
		E3FC054D2B419DE10082CF96 /* EcoShop Backend ISPUITests */ = {
			isa = PBXNativeTarget;
			buildConfigurationList = E3FC055E2B419DE10082CF96 /* Build configuration list for PBXNativeTarget "EcoShop Backend ISPUITests" */;
			buildPhases = (
				E3FC054A2B419DE10082CF96 /* Sources */,
				E3FC054B2B419DE10082CF96 /* Frameworks */,
				E3FC054C2B419DE10082CF96 /* Resources */,
			);
			buildRules = (
			);
			dependencies = (
				E3FC05502B419DE10082CF96 /* PBXTargetDependency */,
			);
			name = "EcoShop Backend ISPUITests";
			productName = "EcoShop Backend ISPUITests";
			productReference = E3FC054E2B419DE10082CF96 /* EcoShop Backend ISPUITests.xctest */;
			productType = "com.apple.product-type.bundle.ui-testing";
		};
/* End PBXNativeTarget section */

/* Begin PBXProject section */
		E3FC052C2B419DDE0082CF96 /* Project object */ = {
			isa = PBXProject;
			attributes = {
				BuildIndependentTargetsInParallel = 1;
				LastSwiftUpdateCheck = 1420;
				LastUpgradeCheck = 1420;
				TargetAttributes = {
					E3FC05332B419DDE0082CF96 = {
						CreatedOnToolsVersion = 14.2;
					};
					E3FC05432B419DE10082CF96 = {
						CreatedOnToolsVersion = 14.2;
						TestTargetID = E3FC05332B419DDE0082CF96;
					};
					E3FC054D2B419DE10082CF96 = {
						CreatedOnToolsVersion = 14.2;
						TestTargetID = E3FC05332B419DDE0082CF96;
					};
				};
			};
			buildConfigurationList = E3FC052F2B419DDE0082CF96 /* Build configuration list for PBXProject "EcoShop Backend ISP" */;
			compatibilityVersion = "Xcode 14.0";
			developmentRegion = en;
			hasScannedForEncodings = 0;
			knownRegions = (
				en,
				Base,
			);
			mainGroup = E3FC052B2B419DDE0082CF96;
			productRefGroup = E3FC05352B419DDE0082CF96 /* Products */;
			projectDirPath = "";
			projectRoot = "";
			targets = (
				E3FC05332B419DDE0082CF96 /* EcoShop Backend ISP */,
				E3FC05432B419DE10082CF96 /* EcoShop Backend ISPTests */,
				E3FC054D2B419DE10082CF96 /* EcoShop Backend ISPUITests */,
			);
		};
/* End PBXProject section */

/* Begin PBXResourcesBuildPhase section */
		E3FC05322B419DDE0082CF96 /* Resources */ = {
			isa = PBXResourcesBuildPhase;
			buildActionMask = 2147483647;
			files = (
				E3FC053F2B419DE10082CF96 /* Preview Assets.xcassets in Resources */,
				E3FC053C2B419DE10082CF96 /* Assets.xcassets in Resources */,
			);
			runOnlyForDeploymentPostprocessing = 0;
		};
		E3FC05422B419DE10082CF96 /* Resources */ = {
			isa = PBXResourcesBuildPhase;
			buildActionMask = 2147483647;
			files = (
			);
			runOnlyForDeploymentPostprocessing = 0;
		};
		E3FC054C2B419DE10082CF96 /* Resources */ = {
			isa = PBXResourcesBuildPhase;
			buildActionMask = 2147483647;
			files = (
			);
			runOnlyForDeploymentPostprocessing = 0;
		};
/* End PBXResourcesBuildPhase section */

/* Begin PBXSourcesBuildPhase section */
		E3FC05302B419DDE0082CF96 /* Sources */ = {
			isa = PBXSourcesBuildPhase;
			buildActionMask = 2147483647;
			files = (
				E3FC053A2B419DDE0082CF96 /* ContentView.swift in Sources */,
				E3FC05382B419DDE0082CF96 /* EcoShop_Backend_ISPApp.swift in Sources */,
			);
			runOnlyForDeploymentPostprocessing = 0;
		};
		E3FC05402B419DE10082CF96 /* Sources */ = {
			isa = PBXSourcesBuildPhase;
			buildActionMask = 2147483647;
			files = (
				E3FC05492B419DE10082CF96 /* EcoShop_Backend_ISPTests.swift in Sources */,
			);
			runOnlyForDeploymentPostprocessing = 0;
		};
		E3FC054A2B419DE10082CF96 /* Sources */ = {
			isa = PBXSourcesBuildPhase;
			buildActionMask = 2147483647;
			files = (
				E3FC05552B419DE10082CF96 /* EcoShop_Backend_ISPUITestsLaunchTests.swift in Sources */,
				E3FC05532B419DE10082CF96 /* EcoShop_Backend_ISPUITests.swift in Sources */,
			);
			runOnlyForDeploymentPostprocessing = 0;
		};
/* End PBXSourcesBuildPhase section */

/* Begin PBXTargetDependency section */
		E3FC05462B419DE10082CF96 /* PBXTargetDependency */ = {
			isa = PBXTargetDependency;
			target = E3FC05332B419DDE0082CF96 /* EcoShop Backend ISP */;
			targetProxy = E3FC05452B419DE10082CF96 /* PBXContainerItemProxy */;
		};
		E3FC05502B419DE10082CF96 /* PBXTargetDependency */ = {
			isa = PBXTargetDependency;
			target = E3FC05332B419DDE0082CF96 /* EcoShop Backend ISP */;
			targetProxy = E3FC054F2B419DE10082CF96 /* PBXContainerItemProxy */;
		};
/* End PBXTargetDependency section */

/* Begin XCBuildConfiguration section */
		E3FC05562B419DE10082CF96 /* Debug */ = {
			isa = XCBuildConfiguration;
			buildSettings = {
				ALWAYS_SEARCH_USER_PATHS = NO;
				CLANG_ANALYZER_NONNULL = YES;
				CLANG_ANALYZER_NUMBER_OBJECT_CONVERSION = YES_AGGRESSIVE;
				CLANG_CXX_LANGUAGE_STANDARD = "gnu++20";
				CLANG_ENABLE_MODULES = YES;
				CLANG_ENABLE_OBJC_ARC = YES;
				CLANG_ENABLE_OBJC_WEAK = YES;
				CLANG_WARN_BLOCK_CAPTURE_AUTORELEASING = YES;
				CLANG_WARN_BOOL_CONVERSION = YES;
				CLANG_WARN_COMMA = YES;
				CLANG_WARN_CONSTANT_CONVERSION = YES;
				CLANG_WARN_DEPRECATED_OBJC_IMPLEMENTATIONS = YES;
				CLANG_WARN_DIRECT_OBJC_ISA_USAGE = YES_ERROR;
				CLANG_WARN_DOCUMENTATION_COMMENTS = YES;
				CLANG_WARN_EMPTY_BODY = YES;
				CLANG_WARN_ENUM_CONVERSION = YES;
				CLANG_WARN_INFINITE_RECURSION = YES;
				CLANG_WARN_INT_CONVERSION = YES;
				CLANG_WARN_NON_LITERAL_NULL_CONVERSION = YES;
				CLANG_WARN_OBJC_IMPLICIT_RETAIN_SELF = YES;
				CLANG_WARN_OBJC_LITERAL_CONVERSION = YES;
				CLANG_WARN_OBJC_ROOT_CLASS = YES_ERROR;
				CLANG_WARN_QUOTED_INCLUDE_IN_FRAMEWORK_HEADER = YES;
				CLANG_WARN_RANGE_LOOP_ANALYSIS = YES;
				CLANG_WARN_STRICT_PROTOTYPES = YES;
				CLANG_WARN_SUSPICIOUS_MOVE = YES;
				CLANG_WARN_UNGUARDED_AVAILABILITY = YES_AGGRESSIVE;
				CLANG_WARN_UNREACHABLE_CODE = YES;
				CLANG_WARN__DUPLICATE_METHOD_MATCH = YES;
				COPY_PHASE_STRIP = NO;
				DEBUG_INFORMATION_FORMAT = dwarf;
				ENABLE_STRICT_OBJC_MSGSEND = YES;
				ENABLE_TESTABILITY = YES;
				GCC_C_LANGUAGE_STANDARD = gnu11;
				GCC_DYNAMIC_NO_PIC = NO;
				GCC_NO_COMMON_BLOCKS = YES;
				GCC_OPTIMIZATION_LEVEL = 0;
				GCC_PREPROCESSOR_DEFINITIONS = (
					"DEBUG=1",
					"$(inherited)",
				);
				GCC_WARN_64_TO_32_BIT_CONVERSION = YES;
				GCC_WARN_ABOUT_RETURN_TYPE = YES_ERROR;
				GCC_WARN_UNDECLARED_SELECTOR = YES;
				GCC_WARN_UNINITIALIZED_AUTOS = YES_AGGRESSIVE;
				GCC_WARN_UNUSED_FUNCTION = YES;
				GCC_WARN_UNUSED_VARIABLE = YES;
				IPHONEOS_DEPLOYMENT_TARGET = 16.2;
				MTL_ENABLE_DEBUG_INFO = INCLUDE_SOURCE;
				MTL_FAST_MATH = YES;
				ONLY_ACTIVE_ARCH = YES;
				SDKROOT = iphoneos;
				SWIFT_ACTIVE_COMPILATION_CONDITIONS = DEBUG;
				SWIFT_OPTIMIZATION_LEVEL = "-Onone";
			};
			name = Debug;
		};
		E3FC05572B419DE10082CF96 /* Release */ = {
			isa = XCBuildConfiguration;
			buildSettings = {
				ALWAYS_SEARCH_USER_PATHS = NO;
				CLANG_ANALYZER_NONNULL = YES;
				CLANG_ANALYZER_NUMBER_OBJECT_CONVERSION = YES_AGGRESSIVE;
				CLANG_CXX_LANGUAGE_STANDARD = "gnu++20";
				CLANG_ENABLE_MODULES = YES;
				CLANG_ENABLE_OBJC_ARC = YES;
				CLANG_ENABLE_OBJC_WEAK = YES;
				CLANG_WARN_BLOCK_CAPTURE_AUTORELEASING = YES;
				CLANG_WARN_BOOL_CONVERSION = YES;
				CLANG_WARN_COMMA = YES;
				CLANG_WARN_CONSTANT_CONVERSION = YES;
				CLANG_WARN_DEPRECATED_OBJC_IMPLEMENTATIONS = YES;
				CLANG_WARN_DIRECT_OBJC_ISA_USAGE = YES_ERROR;
				CLANG_WARN_DOCUMENTATION_COMMENTS = YES;
				CLANG_WARN_EMPTY_BODY = YES;
				CLANG_WARN_ENUM_CONVERSION = YES;
				CLANG_WARN_INFINITE_RECURSION = YES;
				CLANG_WARN_INT_CONVERSION = YES;
				CLANG_WARN_NON_LITERAL_NULL_CONVERSION = YES;
				CLANG_WARN_OBJC_IMPLICIT_RETAIN_SELF = YES;
				CLANG_WARN_OBJC_LITERAL_CONVERSION = YES;
				CLANG_WARN_OBJC_ROOT_CLASS = YES_ERROR;
				CLANG_WARN_QUOTED_INCLUDE_IN_FRAMEWORK_HEADER = YES;
				CLANG_WARN_RANGE_LOOP_ANALYSIS = YES;
				CLANG_WARN_STRICT_PROTOTYPES = YES;
				CLANG_WARN_SUSPICIOUS_MOVE = YES;
				CLANG_WARN_UNGUARDED_AVAILABILITY = YES_AGGRESSIVE;
				CLANG_WARN_UNREACHABLE_CODE = YES;
				CLANG_WARN__DUPLICATE_METHOD_MATCH = YES;
				COPY_PHASE_STRIP = NO;
				DEBUG_INFORMATION_FORMAT = "dwarf-with-dsym";
				ENABLE_NS_ASSERTIONS = NO;
				ENABLE_STRICT_OBJC_MSGSEND = YES;
				GCC_C_LANGUAGE_STANDARD = gnu11;
				GCC_NO_COMMON_BLOCKS = YES;
				GCC_WARN_64_TO_32_BIT_CONVERSION = YES;
				GCC_WARN_ABOUT_RETURN_TYPE = YES_ERROR;
				GCC_WARN_UNDECLARED_SELECTOR = YES;
				GCC_WARN_UNINITIALIZED_AUTOS = YES_AGGRESSIVE;
				GCC_WARN_UNUSED_FUNCTION = YES;
				GCC_WARN_UNUSED_VARIABLE = YES;
				IPHONEOS_DEPLOYMENT_TARGET = 16.2;
				MTL_ENABLE_DEBUG_INFO = NO;
				MTL_FAST_MATH = YES;
				SDKROOT = iphoneos;
				SWIFT_COMPILATION_MODE = wholemodule;
				SWIFT_OPTIMIZATION_LEVEL = "-O";
				VALIDATE_PRODUCT = YES;
			};
			name = Release;
		};
		E3FC05592B419DE10082CF96 /* Debug */ = {
			isa = XCBuildConfiguration;
			buildSettings = {
				ASSETCATALOG_COMPILER_APPICON_NAME = AppIcon;
				ASSETCATALOG_COMPILER_GLOBAL_ACCENT_COLOR_NAME = AccentColor;
				CODE_SIGN_STYLE = Automatic;
				CURRENT_PROJECT_VERSION = 1;
				DEVELOPMENT_ASSET_PATHS = "\"EcoShop Backend ISP/Preview Content\"";
				DEVELOPMENT_TEAM = J2452P8KTA;
				ENABLE_PREVIEWS = YES;
				GENERATE_INFOPLIST_FILE = YES;
				INFOPLIST_KEY_UIApplicationSceneManifest_Generation = YES;
				INFOPLIST_KEY_UIApplicationSupportsIndirectInputEvents = YES;
				INFOPLIST_KEY_UILaunchScreen_Generation = YES;
				INFOPLIST_KEY_UISupportedInterfaceOrientations_iPad = "UIInterfaceOrientationPortrait UIInterfaceOrientationPortraitUpsideDown UIInterfaceOrientationLandscapeLeft UIInterfaceOrientationLandscapeRight";
				INFOPLIST_KEY_UISupportedInterfaceOrientations_iPhone = "UIInterfaceOrientationPortrait UIInterfaceOrientationLandscapeLeft UIInterfaceOrientationLandscapeRight";
				LD_RUNPATH_SEARCH_PATHS = (
					"$(inherited)",
					"@executable_path/Frameworks",
				);
				MARKETING_VERSION = 1.0;
				PRODUCT_BUNDLE_IDENTIFIER = "GobiasLtd.EcoShop-Backend-ISP";
				PRODUCT_NAME = "$(TARGET_NAME)";
				SWIFT_EMIT_LOC_STRINGS = YES;
				SWIFT_VERSION = 5.0;
				TARGETED_DEVICE_FAMILY = "1,2";
			};
			name = Debug;
		};
		E3FC055A2B419DE10082CF96 /* Release */ = {
			isa = XCBuildConfiguration;
			buildSettings = {
				ASSETCATALOG_COMPILER_APPICON_NAME = AppIcon;
				ASSETCATALOG_COMPILER_GLOBAL_ACCENT_COLOR_NAME = AccentColor;
				CODE_SIGN_STYLE = Automatic;
				CURRENT_PROJECT_VERSION = 1;
				DEVELOPMENT_ASSET_PATHS = "\"EcoShop Backend ISP/Preview Content\"";
				DEVELOPMENT_TEAM = J2452P8KTA;
				ENABLE_PREVIEWS = YES;
				GENERATE_INFOPLIST_FILE = YES;
				INFOPLIST_KEY_UIApplicationSceneManifest_Generation = YES;
				INFOPLIST_KEY_UIApplicationSupportsIndirectInputEvents = YES;
				INFOPLIST_KEY_UILaunchScreen_Generation = YES;
				INFOPLIST_KEY_UISupportedInterfaceOrientations_iPad = "UIInterfaceOrientationPortrait UIInterfaceOrientationPortraitUpsideDown UIInterfaceOrientationLandscapeLeft UIInterfaceOrientationLandscapeRight";
				INFOPLIST_KEY_UISupportedInterfaceOrientations_iPhone = "UIInterfaceOrientationPortrait UIInterfaceOrientationLandscapeLeft UIInterfaceOrientationLandscapeRight";
				LD_RUNPATH_SEARCH_PATHS = (
					"$(inherited)",
					"@executable_path/Frameworks",
				);
				MARKETING_VERSION = 1.0;
				PRODUCT_BUNDLE_IDENTIFIER = "GobiasLtd.EcoShop-Backend-ISP";
				PRODUCT_NAME = "$(TARGET_NAME)";
				SWIFT_EMIT_LOC_STRINGS = YES;
				SWIFT_VERSION = 5.0;
				TARGETED_DEVICE_FAMILY = "1,2";
			};
			name = Release;
		};
		E3FC055C2B419DE10082CF96 /* Debug */ = {
			isa = XCBuildConfiguration;
			buildSettings = {
				ALWAYS_EMBED_SWIFT_STANDARD_LIBRARIES = YES;
				BUNDLE_LOADER = "$(TEST_HOST)";
				CODE_SIGN_STYLE = Automatic;
				CURRENT_PROJECT_VERSION = 1;
				DEVELOPMENT_TEAM = J2452P8KTA;
				GENERATE_INFOPLIST_FILE = YES;
				IPHONEOS_DEPLOYMENT_TARGET = 16.2;
				MARKETING_VERSION = 1.0;
				PRODUCT_BUNDLE_IDENTIFIER = "GobiasLtd.EcoShop-Backend-ISPTests";
				PRODUCT_NAME = "$(TARGET_NAME)";
				SWIFT_EMIT_LOC_STRINGS = NO;
				SWIFT_VERSION = 5.0;
				TARGETED_DEVICE_FAMILY = "1,2";
				TEST_HOST = "$(BUILT_PRODUCTS_DIR)/EcoShop Backend ISP.app/$(BUNDLE_EXECUTABLE_FOLDER_PATH)/EcoShop Backend ISP";
			};
			name = Debug;
		};
		E3FC055D2B419DE10082CF96 /* Release */ = {
			isa = XCBuildConfiguration;
			buildSettings = {
				ALWAYS_EMBED_SWIFT_STANDARD_LIBRARIES = YES;
				BUNDLE_LOADER = "$(TEST_HOST)";
				CODE_SIGN_STYLE = Automatic;
				CURRENT_PROJECT_VERSION = 1;
				DEVELOPMENT_TEAM = J2452P8KTA;
				GENERATE_INFOPLIST_FILE = YES;
				IPHONEOS_DEPLOYMENT_TARGET = 16.2;
				MARKETING_VERSION = 1.0;
				PRODUCT_BUNDLE_IDENTIFIER = "GobiasLtd.EcoShop-Backend-ISPTests";
				PRODUCT_NAME = "$(TARGET_NAME)";
				SWIFT_EMIT_LOC_STRINGS = NO;
				SWIFT_VERSION = 5.0;
				TARGETED_DEVICE_FAMILY = "1,2";
				TEST_HOST = "$(BUILT_PRODUCTS_DIR)/EcoShop Backend ISP.app/$(BUNDLE_EXECUTABLE_FOLDER_PATH)/EcoShop Backend ISP";
			};
			name = Release;
		};
		E3FC055F2B419DE10082CF96 /* Debug */ = {
			isa = XCBuildConfiguration;
			buildSettings = {
				ALWAYS_EMBED_SWIFT_STANDARD_LIBRARIES = YES;
				CODE_SIGN_STYLE = Automatic;
				CURRENT_PROJECT_VERSION = 1;
				DEVELOPMENT_TEAM = J2452P8KTA;
				GENERATE_INFOPLIST_FILE = YES;
				MARKETING_VERSION = 1.0;
				PRODUCT_BUNDLE_IDENTIFIER = "GobiasLtd.EcoShop-Backend-ISPUITests";
				PRODUCT_NAME = "$(TARGET_NAME)";
				SWIFT_EMIT_LOC_STRINGS = NO;
				SWIFT_VERSION = 5.0;
				TARGETED_DEVICE_FAMILY = "1,2";
				TEST_TARGET_NAME = "EcoShop Backend ISP";
			};
			name = Debug;
		};
		E3FC05602B419DE10082CF96 /* Release */ = {
			isa = XCBuildConfiguration;
			buildSettings = {
				ALWAYS_EMBED_SWIFT_STANDARD_LIBRARIES = YES;
				CODE_SIGN_STYLE = Automatic;
				CURRENT_PROJECT_VERSION = 1;
				DEVELOPMENT_TEAM = J2452P8KTA;
				GENERATE_INFOPLIST_FILE = YES;
				MARKETING_VERSION = 1.0;
				PRODUCT_BUNDLE_IDENTIFIER = "GobiasLtd.EcoShop-Backend-ISPUITests";
				PRODUCT_NAME = "$(TARGET_NAME)";
				SWIFT_EMIT_LOC_STRINGS = NO;
				SWIFT_VERSION = 5.0;
				TARGETED_DEVICE_FAMILY = "1,2";
				TEST_TARGET_NAME = "EcoShop Backend ISP";
			};
			name = Release;
		};
/* End XCBuildConfiguration section */

/* Begin XCConfigurationList section */
		E3FC052F2B419DDE0082CF96 /* Build configuration list for PBXProject "EcoShop Backend ISP" */ = {
			isa = XCConfigurationList;
			buildConfigurations = (
				E3FC05562B419DE10082CF96 /* Debug */,
				E3FC05572B419DE10082CF96 /* Release */,
			);
			defaultConfigurationIsVisible = 0;
			defaultConfigurationName = Release;
		};
		E3FC05582B419DE10082CF96 /* Build configuration list for PBXNativeTarget "EcoShop Backend ISP" */ = {
			isa = XCConfigurationList;
			buildConfigurations = (
				E3FC05592B419DE10082CF96 /* Debug */,
				E3FC055A2B419DE10082CF96 /* Release */,
			);
			defaultConfigurationIsVisible = 0;
			defaultConfigurationName = Release;
		};
		E3FC055B2B419DE10082CF96 /* Build configuration list for PBXNativeTarget "EcoShop Backend ISPTests" */ = {
			isa = XCConfigurationList;
			buildConfigurations = (
				E3FC055C2B419DE10082CF96 /* Debug */,
				E3FC055D2B419DE10082CF96 /* Release */,
			);
			defaultConfigurationIsVisible = 0;
			defaultConfigurationName = Release;
		};
		E3FC055E2B419DE10082CF96 /* Build configuration list for PBXNativeTarget "EcoShop Backend ISPUITests" */ = {
			isa = XCConfigurationList;
			buildConfigurations = (
				E3FC055F2B419DE10082CF96 /* Debug */,
				E3FC05602B419DE10082CF96 /* Release */,
			);
			defaultConfigurationIsVisible = 0;
			defaultConfigurationName = Release;
		};
/* End XCConfigurationList section */
	};
	rootObject = E3FC052C2B419DDE0082CF96 /* Project object */;
}
