// !$*UTF8*$!
{
	archiveVersion = 1;
	classes = {
	};
	objectVersion = 56;
	objects = {

/* Begin PBXBuildFile section */
		E37954BD2B28D60C008F9151 /* SRPExample__Angels_and_DemonsApp.swift in Sources */ = {isa = PBXBuildFile; fileRef = E37954BC2B28D60C008F9151 /* SRPExample__Angels_and_DemonsApp.swift */; };
		E37954BF2B28D60D008F9151 /* ContentView.swift in Sources */ = {isa = PBXBuildFile; fileRef = E37954BE2B28D60D008F9151 /* ContentView.swift */; };
		E37954C12B28D610008F9151 /* Assets.xcassets in Resources */ = {isa = PBXBuildFile; fileRef = E37954C02B28D610008F9151 /* Assets.xcassets */; };
		E37954C42B28D610008F9151 /* Preview Assets.xcassets in Resources */ = {isa = PBXBuildFile; fileRef = E37954C32B28D610008F9151 /* Preview Assets.xcassets */; };
		E37954CE2B28D611008F9151 /* SRPExample__Angels_and_DemonsTests.swift in Sources */ = {isa = PBXBuildFile; fileRef = E37954CD2B28D611008F9151 /* SRPExample__Angels_and_DemonsTests.swift */; };
		E37954D82B28D611008F9151 /* SRPExample__Angels_and_DemonsUITests.swift in Sources */ = {isa = PBXBuildFile; fileRef = E37954D72B28D611008F9151 /* SRPExample__Angels_and_DemonsUITests.swift */; };
		E37954DA2B28D611008F9151 /* SRPExample__Angels_and_DemonsUITestsLaunchTests.swift in Sources */ = {isa = PBXBuildFile; fileRef = E37954D92B28D611008F9151 /* SRPExample__Angels_and_DemonsUITestsLaunchTests.swift */; };
/* End PBXBuildFile section */

/* Begin PBXContainerItemProxy section */
		E37954CA2B28D611008F9151 /* PBXContainerItemProxy */ = {
			isa = PBXContainerItemProxy;
			containerPortal = E37954B12B28D60C008F9151 /* Project object */;
			proxyType = 1;
			remoteGlobalIDString = E37954B82B28D60C008F9151;
			remoteInfo = "SRPExample: Angels and Demons";
		};
		E37954D42B28D611008F9151 /* PBXContainerItemProxy */ = {
			isa = PBXContainerItemProxy;
			containerPortal = E37954B12B28D60C008F9151 /* Project object */;
			proxyType = 1;
			remoteGlobalIDString = E37954B82B28D60C008F9151;
			remoteInfo = "SRPExample: Angels and Demons";
		};
/* End PBXContainerItemProxy section */

/* Begin PBXFileReference section */
		E37954B92B28D60C008F9151 /* SRPExample: Angels and Demons.app */ = {isa = PBXFileReference; explicitFileType = wrapper.application; includeInIndex = 0; path = "SRPExample: Angels and Demons.app"; sourceTree = BUILT_PRODUCTS_DIR; };
		E37954BC2B28D60C008F9151 /* SRPExample__Angels_and_DemonsApp.swift */ = {isa = PBXFileReference; lastKnownFileType = sourcecode.swift; path = SRPExample__Angels_and_DemonsApp.swift; sourceTree = "<group>"; };
		E37954BE2B28D60D008F9151 /* ContentView.swift */ = {isa = PBXFileReference; lastKnownFileType = sourcecode.swift; path = ContentView.swift; sourceTree = "<group>"; };
		E37954C02B28D610008F9151 /* Assets.xcassets */ = {isa = PBXFileReference; lastKnownFileType = folder.assetcatalog; path = Assets.xcassets; sourceTree = "<group>"; };
		E37954C32B28D610008F9151 /* Preview Assets.xcassets */ = {isa = PBXFileReference; lastKnownFileType = folder.assetcatalog; path = "Preview Assets.xcassets"; sourceTree = "<group>"; };
		E37954C92B28D611008F9151 /* SRPExample: Angels and DemonsTests.xctest */ = {isa = PBXFileReference; explicitFileType = wrapper.cfbundle; includeInIndex = 0; path = "SRPExample: Angels and DemonsTests.xctest"; sourceTree = BUILT_PRODUCTS_DIR; };
		E37954CD2B28D611008F9151 /* SRPExample__Angels_and_DemonsTests.swift */ = {isa = PBXFileReference; lastKnownFileType = sourcecode.swift; path = SRPExample__Angels_and_DemonsTests.swift; sourceTree = "<group>"; };
		E37954D32B28D611008F9151 /* SRPExample: Angels and DemonsUITests.xctest */ = {isa = PBXFileReference; explicitFileType = wrapper.cfbundle; includeInIndex = 0; path = "SRPExample: Angels and DemonsUITests.xctest"; sourceTree = BUILT_PRODUCTS_DIR; };
		E37954D72B28D611008F9151 /* SRPExample__Angels_and_DemonsUITests.swift */ = {isa = PBXFileReference; lastKnownFileType = sourcecode.swift; path = SRPExample__Angels_and_DemonsUITests.swift; sourceTree = "<group>"; };
		E37954D92B28D611008F9151 /* SRPExample__Angels_and_DemonsUITestsLaunchTests.swift */ = {isa = PBXFileReference; lastKnownFileType = sourcecode.swift; path = SRPExample__Angels_and_DemonsUITestsLaunchTests.swift; sourceTree = "<group>"; };
/* End PBXFileReference section */

/* Begin PBXFrameworksBuildPhase section */
		E37954B62B28D60C008F9151 /* Frameworks */ = {
			isa = PBXFrameworksBuildPhase;
			buildActionMask = 2147483647;
			files = (
			);
			runOnlyForDeploymentPostprocessing = 0;
		};
		E37954C62B28D611008F9151 /* Frameworks */ = {
			isa = PBXFrameworksBuildPhase;
			buildActionMask = 2147483647;
			files = (
			);
			runOnlyForDeploymentPostprocessing = 0;
		};
		E37954D02B28D611008F9151 /* Frameworks */ = {
			isa = PBXFrameworksBuildPhase;
			buildActionMask = 2147483647;
			files = (
			);
			runOnlyForDeploymentPostprocessing = 0;
		};
/* End PBXFrameworksBuildPhase section */

/* Begin PBXGroup section */
		E37954B02B28D60C008F9151 = {
			isa = PBXGroup;
			children = (
				E37954BB2B28D60C008F9151 /* SRPExample: Angels and Demons */,
				E37954CC2B28D611008F9151 /* SRPExample: Angels and DemonsTests */,
				E37954D62B28D611008F9151 /* SRPExample: Angels and DemonsUITests */,
				E37954BA2B28D60C008F9151 /* Products */,
			);
			sourceTree = "<group>";
		};
		E37954BA2B28D60C008F9151 /* Products */ = {
			isa = PBXGroup;
			children = (
				E37954B92B28D60C008F9151 /* SRPExample: Angels and Demons.app */,
				E37954C92B28D611008F9151 /* SRPExample: Angels and DemonsTests.xctest */,
				E37954D32B28D611008F9151 /* SRPExample: Angels and DemonsUITests.xctest */,
			);
			name = Products;
			sourceTree = "<group>";
		};
		E37954BB2B28D60C008F9151 /* SRPExample: Angels and Demons */ = {
			isa = PBXGroup;
			children = (
				E37954BC2B28D60C008F9151 /* SRPExample__Angels_and_DemonsApp.swift */,
				E37954BE2B28D60D008F9151 /* ContentView.swift */,
				E37954C02B28D610008F9151 /* Assets.xcassets */,
				E37954C22B28D610008F9151 /* Preview Content */,
			);
			path = "SRPExample: Angels and Demons";
			sourceTree = "<group>";
		};
		E37954C22B28D610008F9151 /* Preview Content */ = {
			isa = PBXGroup;
			children = (
				E37954C32B28D610008F9151 /* Preview Assets.xcassets */,
			);
			path = "Preview Content";
			sourceTree = "<group>";
		};
		E37954CC2B28D611008F9151 /* SRPExample: Angels and DemonsTests */ = {
			isa = PBXGroup;
			children = (
				E37954CD2B28D611008F9151 /* SRPExample__Angels_and_DemonsTests.swift */,
			);
			path = "SRPExample: Angels and DemonsTests";
			sourceTree = "<group>";
		};
		E37954D62B28D611008F9151 /* SRPExample: Angels and DemonsUITests */ = {
			isa = PBXGroup;
			children = (
				E37954D72B28D611008F9151 /* SRPExample__Angels_and_DemonsUITests.swift */,
				E37954D92B28D611008F9151 /* SRPExample__Angels_and_DemonsUITestsLaunchTests.swift */,
			);
			path = "SRPExample: Angels and DemonsUITests";
			sourceTree = "<group>";
		};
/* End PBXGroup section */

/* Begin PBXNativeTarget section */
		E37954B82B28D60C008F9151 /* SRPExample: Angels and Demons */ = {
			isa = PBXNativeTarget;
			buildConfigurationList = E37954DD2B28D611008F9151 /* Build configuration list for PBXNativeTarget "SRPExample: Angels and Demons" */;
			buildPhases = (
				E37954B52B28D60C008F9151 /* Sources */,
				E37954B62B28D60C008F9151 /* Frameworks */,
				E37954B72B28D60C008F9151 /* Resources */,
			);
			buildRules = (
			);
			dependencies = (
			);
			name = "SRPExample: Angels and Demons";
			productName = "SRPExample: Angels and Demons";
			productReference = E37954B92B28D60C008F9151 /* SRPExample: Angels and Demons.app */;
			productType = "com.apple.product-type.application";
		};
		E37954C82B28D611008F9151 /* SRPExample: Angels and DemonsTests */ = {
			isa = PBXNativeTarget;
			buildConfigurationList = E37954E02B28D611008F9151 /* Build configuration list for PBXNativeTarget "SRPExample: Angels and DemonsTests" */;
			buildPhases = (
				E37954C52B28D611008F9151 /* Sources */,
				E37954C62B28D611008F9151 /* Frameworks */,
				E37954C72B28D611008F9151 /* Resources */,
			);
			buildRules = (
			);
			dependencies = (
				E37954CB2B28D611008F9151 /* PBXTargetDependency */,
			);
			name = "SRPExample: Angels and DemonsTests";
			productName = "SRPExample: Angels and DemonsTests";
			productReference = E37954C92B28D611008F9151 /* SRPExample: Angels and DemonsTests.xctest */;
			productType = "com.apple.product-type.bundle.unit-test";
		};
		E37954D22B28D611008F9151 /* SRPExample: Angels and DemonsUITests */ = {
			isa = PBXNativeTarget;
			buildConfigurationList = E37954E32B28D611008F9151 /* Build configuration list for PBXNativeTarget "SRPExample: Angels and DemonsUITests" */;
			buildPhases = (
				E37954CF2B28D611008F9151 /* Sources */,
				E37954D02B28D611008F9151 /* Frameworks */,
				E37954D12B28D611008F9151 /* Resources */,
			);
			buildRules = (
			);
			dependencies = (
				E37954D52B28D611008F9151 /* PBXTargetDependency */,
			);
			name = "SRPExample: Angels and DemonsUITests";
			productName = "SRPExample: Angels and DemonsUITests";
			productReference = E37954D32B28D611008F9151 /* SRPExample: Angels and DemonsUITests.xctest */;
			productType = "com.apple.product-type.bundle.ui-testing";
		};
/* End PBXNativeTarget section */

/* Begin PBXProject section */
		E37954B12B28D60C008F9151 /* Project object */ = {
			isa = PBXProject;
			attributes = {
				BuildIndependentTargetsInParallel = 1;
				LastSwiftUpdateCheck = 1420;
				LastUpgradeCheck = 1420;
				TargetAttributes = {
					E37954B82B28D60C008F9151 = {
						CreatedOnToolsVersion = 14.2;
					};
					E37954C82B28D611008F9151 = {
						CreatedOnToolsVersion = 14.2;
						TestTargetID = E37954B82B28D60C008F9151;
					};
					E37954D22B28D611008F9151 = {
						CreatedOnToolsVersion = 14.2;
						TestTargetID = E37954B82B28D60C008F9151;
					};
				};
			};
			buildConfigurationList = E37954B42B28D60C008F9151 /* Build configuration list for PBXProject "SRPExample: Angels and Demons" */;
			compatibilityVersion = "Xcode 14.0";
			developmentRegion = en;
			hasScannedForEncodings = 0;
			knownRegions = (
				en,
				Base,
			);
			mainGroup = E37954B02B28D60C008F9151;
			productRefGroup = E37954BA2B28D60C008F9151 /* Products */;
			projectDirPath = "";
			projectRoot = "";
			targets = (
				E37954B82B28D60C008F9151 /* SRPExample: Angels and Demons */,
				E37954C82B28D611008F9151 /* SRPExample: Angels and DemonsTests */,
				E37954D22B28D611008F9151 /* SRPExample: Angels and DemonsUITests */,
			);
		};
/* End PBXProject section */

/* Begin PBXResourcesBuildPhase section */
		E37954B72B28D60C008F9151 /* Resources */ = {
			isa = PBXResourcesBuildPhase;
			buildActionMask = 2147483647;
			files = (
				E37954C42B28D610008F9151 /* Preview Assets.xcassets in Resources */,
				E37954C12B28D610008F9151 /* Assets.xcassets in Resources */,
			);
			runOnlyForDeploymentPostprocessing = 0;
		};
		E37954C72B28D611008F9151 /* Resources */ = {
			isa = PBXResourcesBuildPhase;
			buildActionMask = 2147483647;
			files = (
			);
			runOnlyForDeploymentPostprocessing = 0;
		};
		E37954D12B28D611008F9151 /* Resources */ = {
			isa = PBXResourcesBuildPhase;
			buildActionMask = 2147483647;
			files = (
			);
			runOnlyForDeploymentPostprocessing = 0;
		};
/* End PBXResourcesBuildPhase section */

/* Begin PBXSourcesBuildPhase section */
		E37954B52B28D60C008F9151 /* Sources */ = {
			isa = PBXSourcesBuildPhase;
			buildActionMask = 2147483647;
			files = (
				E37954BF2B28D60D008F9151 /* ContentView.swift in Sources */,
				E37954BD2B28D60C008F9151 /* SRPExample__Angels_and_DemonsApp.swift in Sources */,
			);
			runOnlyForDeploymentPostprocessing = 0;
		};
		E37954C52B28D611008F9151 /* Sources */ = {
			isa = PBXSourcesBuildPhase;
			buildActionMask = 2147483647;
			files = (
				E37954CE2B28D611008F9151 /* SRPExample__Angels_and_DemonsTests.swift in Sources */,
			);
			runOnlyForDeploymentPostprocessing = 0;
		};
		E37954CF2B28D611008F9151 /* Sources */ = {
			isa = PBXSourcesBuildPhase;
			buildActionMask = 2147483647;
			files = (
				E37954D82B28D611008F9151 /* SRPExample__Angels_and_DemonsUITests.swift in Sources */,
				E37954DA2B28D611008F9151 /* SRPExample__Angels_and_DemonsUITestsLaunchTests.swift in Sources */,
			);
			runOnlyForDeploymentPostprocessing = 0;
		};
/* End PBXSourcesBuildPhase section */

/* Begin PBXTargetDependency section */
		E37954CB2B28D611008F9151 /* PBXTargetDependency */ = {
			isa = PBXTargetDependency;
			target = E37954B82B28D60C008F9151 /* SRPExample: Angels and Demons */;
			targetProxy = E37954CA2B28D611008F9151 /* PBXContainerItemProxy */;
		};
		E37954D52B28D611008F9151 /* PBXTargetDependency */ = {
			isa = PBXTargetDependency;
			target = E37954B82B28D60C008F9151 /* SRPExample: Angels and Demons */;
			targetProxy = E37954D42B28D611008F9151 /* PBXContainerItemProxy */;
		};
/* End PBXTargetDependency section */

/* Begin XCBuildConfiguration section */
		E37954DB2B28D611008F9151 /* Debug */ = {
			isa = XCBuildConfiguration;
			buildSettings = {
				ALWAYS_SEARCH_USER_PATHS = NO;
				CLANG_ANALYZER_NONNULL = YES;
				CLANG_ANALYZER_NUMBER_OBJECT_CONVERSION = YES_AGGRESSIVE;
				CLANG_CXX_LANGUAGE_STANDARD = "gnu++20";
				CLANG_ENABLE_MODULES = YES;
				CLANG_ENABLE_OBJC_ARC = YES;
				CLANG_ENABLE_OBJC_WEAK = YES;
				CLANG_WARN_BLOCK_CAPTURE_AUTORELEASING = YES;
				CLANG_WARN_BOOL_CONVERSION = YES;
				CLANG_WARN_COMMA = YES;
				CLANG_WARN_CONSTANT_CONVERSION = YES;
				CLANG_WARN_DEPRECATED_OBJC_IMPLEMENTATIONS = YES;
				CLANG_WARN_DIRECT_OBJC_ISA_USAGE = YES_ERROR;
				CLANG_WARN_DOCUMENTATION_COMMENTS = YES;
				CLANG_WARN_EMPTY_BODY = YES;
				CLANG_WARN_ENUM_CONVERSION = YES;
				CLANG_WARN_INFINITE_RECURSION = YES;
				CLANG_WARN_INT_CONVERSION = YES;
				CLANG_WARN_NON_LITERAL_NULL_CONVERSION = YES;
				CLANG_WARN_OBJC_IMPLICIT_RETAIN_SELF = YES;
				CLANG_WARN_OBJC_LITERAL_CONVERSION = YES;
				CLANG_WARN_OBJC_ROOT_CLASS = YES_ERROR;
				CLANG_WARN_QUOTED_INCLUDE_IN_FRAMEWORK_HEADER = YES;
				CLANG_WARN_RANGE_LOOP_ANALYSIS = YES;
				CLANG_WARN_STRICT_PROTOTYPES = YES;
				CLANG_WARN_SUSPICIOUS_MOVE = YES;
				CLANG_WARN_UNGUARDED_AVAILABILITY = YES_AGGRESSIVE;
				CLANG_WARN_UNREACHABLE_CODE = YES;
				CLANG_WARN__DUPLICATE_METHOD_MATCH = YES;
				COPY_PHASE_STRIP = NO;
				DEBUG_INFORMATION_FORMAT = dwarf;
				ENABLE_STRICT_OBJC_MSGSEND = YES;
				ENABLE_TESTABILITY = YES;
				GCC_C_LANGUAGE_STANDARD = gnu11;
				GCC_DYNAMIC_NO_PIC = NO;
				GCC_NO_COMMON_BLOCKS = YES;
				GCC_OPTIMIZATION_LEVEL = 0;
				GCC_PREPROCESSOR_DEFINITIONS = (
					"DEBUG=1",
					"$(inherited)",
				);
				GCC_WARN_64_TO_32_BIT_CONVERSION = YES;
				GCC_WARN_ABOUT_RETURN_TYPE = YES_ERROR;
				GCC_WARN_UNDECLARED_SELECTOR = YES;
				GCC_WARN_UNINITIALIZED_AUTOS = YES_AGGRESSIVE;
				GCC_WARN_UNUSED_FUNCTION = YES;
				GCC_WARN_UNUSED_VARIABLE = YES;
				IPHONEOS_DEPLOYMENT_TARGET = 16.2;
				MTL_ENABLE_DEBUG_INFO = INCLUDE_SOURCE;
				MTL_FAST_MATH = YES;
				ONLY_ACTIVE_ARCH = YES;
				SDKROOT = iphoneos;
				SWIFT_ACTIVE_COMPILATION_CONDITIONS = DEBUG;
				SWIFT_OPTIMIZATION_LEVEL = "-Onone";
			};
			name = Debug;
		};
		E37954DC2B28D611008F9151 /* Release */ = {
			isa = XCBuildConfiguration;
			buildSettings = {
				ALWAYS_SEARCH_USER_PATHS = NO;
				CLANG_ANALYZER_NONNULL = YES;
				CLANG_ANALYZER_NUMBER_OBJECT_CONVERSION = YES_AGGRESSIVE;
				CLANG_CXX_LANGUAGE_STANDARD = "gnu++20";
				CLANG_ENABLE_MODULES = YES;
				CLANG_ENABLE_OBJC_ARC = YES;
				CLANG_ENABLE_OBJC_WEAK = YES;
				CLANG_WARN_BLOCK_CAPTURE_AUTORELEASING = YES;
				CLANG_WARN_BOOL_CONVERSION = YES;
				CLANG_WARN_COMMA = YES;
				CLANG_WARN_CONSTANT_CONVERSION = YES;
				CLANG_WARN_DEPRECATED_OBJC_IMPLEMENTATIONS = YES;
				CLANG_WARN_DIRECT_OBJC_ISA_USAGE = YES_ERROR;
				CLANG_WARN_DOCUMENTATION_COMMENTS = YES;
				CLANG_WARN_EMPTY_BODY = YES;
				CLANG_WARN_ENUM_CONVERSION = YES;
				CLANG_WARN_INFINITE_RECURSION = YES;
				CLANG_WARN_INT_CONVERSION = YES;
				CLANG_WARN_NON_LITERAL_NULL_CONVERSION = YES;
				CLANG_WARN_OBJC_IMPLICIT_RETAIN_SELF = YES;
				CLANG_WARN_OBJC_LITERAL_CONVERSION = YES;
				CLANG_WARN_OBJC_ROOT_CLASS = YES_ERROR;
				CLANG_WARN_QUOTED_INCLUDE_IN_FRAMEWORK_HEADER = YES;
				CLANG_WARN_RANGE_LOOP_ANALYSIS = YES;
				CLANG_WARN_STRICT_PROTOTYPES = YES;
				CLANG_WARN_SUSPICIOUS_MOVE = YES;
				CLANG_WARN_UNGUARDED_AVAILABILITY = YES_AGGRESSIVE;
				CLANG_WARN_UNREACHABLE_CODE = YES;
				CLANG_WARN__DUPLICATE_METHOD_MATCH = YES;
				COPY_PHASE_STRIP = NO;
				DEBUG_INFORMATION_FORMAT = "dwarf-with-dsym";
				ENABLE_NS_ASSERTIONS = NO;
				ENABLE_STRICT_OBJC_MSGSEND = YES;
				GCC_C_LANGUAGE_STANDARD = gnu11;
				GCC_NO_COMMON_BLOCKS = YES;
				GCC_WARN_64_TO_32_BIT_CONVERSION = YES;
				GCC_WARN_ABOUT_RETURN_TYPE = YES_ERROR;
				GCC_WARN_UNDECLARED_SELECTOR = YES;
				GCC_WARN_UNINITIALIZED_AUTOS = YES_AGGRESSIVE;
				GCC_WARN_UNUSED_FUNCTION = YES;
				GCC_WARN_UNUSED_VARIABLE = YES;
				IPHONEOS_DEPLOYMENT_TARGET = 16.2;
				MTL_ENABLE_DEBUG_INFO = NO;
				MTL_FAST_MATH = YES;
				SDKROOT = iphoneos;
				SWIFT_COMPILATION_MODE = wholemodule;
				SWIFT_OPTIMIZATION_LEVEL = "-O";
				VALIDATE_PRODUCT = YES;
			};
			name = Release;
		};
		E37954DE2B28D611008F9151 /* Debug */ = {
			isa = XCBuildConfiguration;
			buildSettings = {
				ASSETCATALOG_COMPILER_APPICON_NAME = AppIcon;
				ASSETCATALOG_COMPILER_GLOBAL_ACCENT_COLOR_NAME = AccentColor;
				CODE_SIGN_STYLE = Automatic;
				CURRENT_PROJECT_VERSION = 1;
				DEVELOPMENT_ASSET_PATHS = "\"SRPExample: Angels and Demons/Preview Content\"";
				DEVELOPMENT_TEAM = J2452P8KTA;
				ENABLE_PREVIEWS = YES;
				GENERATE_INFOPLIST_FILE = YES;
				INFOPLIST_KEY_UIApplicationSceneManifest_Generation = YES;
				INFOPLIST_KEY_UIApplicationSupportsIndirectInputEvents = YES;
				INFOPLIST_KEY_UILaunchScreen_Generation = YES;
				INFOPLIST_KEY_UISupportedInterfaceOrientations_iPad = "UIInterfaceOrientationPortrait UIInterfaceOrientationPortraitUpsideDown UIInterfaceOrientationLandscapeLeft UIInterfaceOrientationLandscapeRight";
				INFOPLIST_KEY_UISupportedInterfaceOrientations_iPhone = "UIInterfaceOrientationPortrait UIInterfaceOrientationLandscapeLeft UIInterfaceOrientationLandscapeRight";
				LD_RUNPATH_SEARCH_PATHS = (
					"$(inherited)",
					"@executable_path/Frameworks",
				);
				MARKETING_VERSION = 1.0;
				PRODUCT_BUNDLE_IDENTIFIER = "GobiasLtd.SRPExample--Angels-and-Demons";
				PRODUCT_NAME = "$(TARGET_NAME)";
				SWIFT_EMIT_LOC_STRINGS = YES;
				SWIFT_VERSION = 5.0;
				TARGETED_DEVICE_FAMILY = "1,2";
			};
			name = Debug;
		};
		E37954DF2B28D611008F9151 /* Release */ = {
			isa = XCBuildConfiguration;
			buildSettings = {
				ASSETCATALOG_COMPILER_APPICON_NAME = AppIcon;
				ASSETCATALOG_COMPILER_GLOBAL_ACCENT_COLOR_NAME = AccentColor;
				CODE_SIGN_STYLE = Automatic;
				CURRENT_PROJECT_VERSION = 1;
				DEVELOPMENT_ASSET_PATHS = "\"SRPExample: Angels and Demons/Preview Content\"";
				DEVELOPMENT_TEAM = J2452P8KTA;
				ENABLE_PREVIEWS = YES;
				GENERATE_INFOPLIST_FILE = YES;
				INFOPLIST_KEY_UIApplicationSceneManifest_Generation = YES;
				INFOPLIST_KEY_UIApplicationSupportsIndirectInputEvents = YES;
				INFOPLIST_KEY_UILaunchScreen_Generation = YES;
				INFOPLIST_KEY_UISupportedInterfaceOrientations_iPad = "UIInterfaceOrientationPortrait UIInterfaceOrientationPortraitUpsideDown UIInterfaceOrientationLandscapeLeft UIInterfaceOrientationLandscapeRight";
				INFOPLIST_KEY_UISupportedInterfaceOrientations_iPhone = "UIInterfaceOrientationPortrait UIInterfaceOrientationLandscapeLeft UIInterfaceOrientationLandscapeRight";
				LD_RUNPATH_SEARCH_PATHS = (
					"$(inherited)",
					"@executable_path/Frameworks",
				);
				MARKETING_VERSION = 1.0;
				PRODUCT_BUNDLE_IDENTIFIER = "GobiasLtd.SRPExample--Angels-and-Demons";
				PRODUCT_NAME = "$(TARGET_NAME)";
				SWIFT_EMIT_LOC_STRINGS = YES;
				SWIFT_VERSION = 5.0;
				TARGETED_DEVICE_FAMILY = "1,2";
			};
			name = Release;
		};
		E37954E12B28D611008F9151 /* Debug */ = {
			isa = XCBuildConfiguration;
			buildSettings = {
				ALWAYS_EMBED_SWIFT_STANDARD_LIBRARIES = YES;
				BUNDLE_LOADER = "$(TEST_HOST)";
				CODE_SIGN_STYLE = Automatic;
				CURRENT_PROJECT_VERSION = 1;
				DEVELOPMENT_TEAM = J2452P8KTA;
				GENERATE_INFOPLIST_FILE = YES;
				IPHONEOS_DEPLOYMENT_TARGET = 16.2;
				MARKETING_VERSION = 1.0;
				PRODUCT_BUNDLE_IDENTIFIER = "GobiasLtd.SRPExample--Angels-and-DemonsTests";
				PRODUCT_NAME = "$(TARGET_NAME)";
				SWIFT_EMIT_LOC_STRINGS = NO;
				SWIFT_VERSION = 5.0;
				TARGETED_DEVICE_FAMILY = "1,2";
				TEST_HOST = "$(BUILT_PRODUCTS_DIR)/SRPExample: Angels and Demons.app/$(BUNDLE_EXECUTABLE_FOLDER_PATH)/SRPExample: Angels and Demons";
			};
			name = Debug;
		};
		E37954E22B28D611008F9151 /* Release */ = {
			isa = XCBuildConfiguration;
			buildSettings = {
				ALWAYS_EMBED_SWIFT_STANDARD_LIBRARIES = YES;
				BUNDLE_LOADER = "$(TEST_HOST)";
				CODE_SIGN_STYLE = Automatic;
				CURRENT_PROJECT_VERSION = 1;
				DEVELOPMENT_TEAM = J2452P8KTA;
				GENERATE_INFOPLIST_FILE = YES;
				IPHONEOS_DEPLOYMENT_TARGET = 16.2;
				MARKETING_VERSION = 1.0;
				PRODUCT_BUNDLE_IDENTIFIER = "GobiasLtd.SRPExample--Angels-and-DemonsTests";
				PRODUCT_NAME = "$(TARGET_NAME)";
				SWIFT_EMIT_LOC_STRINGS = NO;
				SWIFT_VERSION = 5.0;
				TARGETED_DEVICE_FAMILY = "1,2";
				TEST_HOST = "$(BUILT_PRODUCTS_DIR)/SRPExample: Angels and Demons.app/$(BUNDLE_EXECUTABLE_FOLDER_PATH)/SRPExample: Angels and Demons";
			};
			name = Release;
		};
		E37954E42B28D611008F9151 /* Debug */ = {
			isa = XCBuildConfiguration;
			buildSettings = {
				ALWAYS_EMBED_SWIFT_STANDARD_LIBRARIES = YES;
				CODE_SIGN_STYLE = Automatic;
				CURRENT_PROJECT_VERSION = 1;
				DEVELOPMENT_TEAM = J2452P8KTA;
				GENERATE_INFOPLIST_FILE = YES;
				MARKETING_VERSION = 1.0;
				PRODUCT_BUNDLE_IDENTIFIER = "GobiasLtd.SRPExample--Angels-and-DemonsUITests";
				PRODUCT_NAME = "$(TARGET_NAME)";
				SWIFT_EMIT_LOC_STRINGS = NO;
				SWIFT_VERSION = 5.0;
				TARGETED_DEVICE_FAMILY = "1,2";
				TEST_TARGET_NAME = "SRPExample: Angels and Demons";
			};
			name = Debug;
		};
		E37954E52B28D611008F9151 /* Release */ = {
			isa = XCBuildConfiguration;
			buildSettings = {
				ALWAYS_EMBED_SWIFT_STANDARD_LIBRARIES = YES;
				CODE_SIGN_STYLE = Automatic;
				CURRENT_PROJECT_VERSION = 1;
				DEVELOPMENT_TEAM = J2452P8KTA;
				GENERATE_INFOPLIST_FILE = YES;
				MARKETING_VERSION = 1.0;
				PRODUCT_BUNDLE_IDENTIFIER = "GobiasLtd.SRPExample--Angels-and-DemonsUITests";
				PRODUCT_NAME = "$(TARGET_NAME)";
				SWIFT_EMIT_LOC_STRINGS = NO;
				SWIFT_VERSION = 5.0;
				TARGETED_DEVICE_FAMILY = "1,2";
				TEST_TARGET_NAME = "SRPExample: Angels and Demons";
			};
			name = Release;
		};
/* End XCBuildConfiguration section */

/* Begin XCConfigurationList section */
		E37954B42B28D60C008F9151 /* Build configuration list for PBXProject "SRPExample: Angels and Demons" */ = {
			isa = XCConfigurationList;
			buildConfigurations = (
				E37954DB2B28D611008F9151 /* Debug */,
				E37954DC2B28D611008F9151 /* Release */,
			);
			defaultConfigurationIsVisible = 0;
			defaultConfigurationName = Release;
		};
		E37954DD2B28D611008F9151 /* Build configuration list for PBXNativeTarget "SRPExample: Angels and Demons" */ = {
			isa = XCConfigurationList;
			buildConfigurations = (
				E37954DE2B28D611008F9151 /* Debug */,
				E37954DF2B28D611008F9151 /* Release */,
			);
			defaultConfigurationIsVisible = 0;
			defaultConfigurationName = Release;
		};
		E37954E02B28D611008F9151 /* Build configuration list for PBXNativeTarget "SRPExample: Angels and DemonsTests" */ = {
			isa = XCConfigurationList;
			buildConfigurations = (
				E37954E12B28D611008F9151 /* Debug */,
				E37954E22B28D611008F9151 /* Release */,
			);
			defaultConfigurationIsVisible = 0;
			defaultConfigurationName = Release;
		};
		E37954E32B28D611008F9151 /* Build configuration list for PBXNativeTarget "SRPExample: Angels and DemonsUITests" */ = {
			isa = XCConfigurationList;
			buildConfigurations = (
				E37954E42B28D611008F9151 /* Debug */,
				E37954E52B28D611008F9151 /* Release */,
			);
			defaultConfigurationIsVisible = 0;
			defaultConfigurationName = Release;
		};
/* End XCConfigurationList section */
	};
	rootObject = E37954B12B28D60C008F9151 /* Project object */;
}
